
Microsoft Visual Studio Solution File, Format Version 12.00
# Visual Studio Version 17
VisualStudioVersion = 17.14.36310.24 d17.14
MinimumVisualStudioVersion = 10.0.40219.1
Project("{FAE04EC0-301F-11D3-BF4B-00C04F79EFBC}") = "OOP_Recorderis_MessageApp", "OOP_Recorderis_MessageApp.csproj", "{843B2B65-B44D-46AD-B948-FF0DEA36E540}"
EndProject
Global
	GlobalSection(SolutionConfigurationPlatforms) = preSolution
		Debug|Any CPU = Debug|Any CPU
		Release|Any CPU = Release|Any CPU
	EndGlobalSection
	GlobalSection(ProjectConfigurationPlatforms) = postSolution
		{843B2B65-B44D-46AD-B948-FF0DEA36E540}.Debug|Any CPU.ActiveCfg = Debug|Any CPU
		{843B2B65-B44D-46AD-B948-FF0DEA36E540}.Debug|Any CPU.Build.0 = Debug|Any CPU
		{843B2B65-B44D-46AD-B948-FF0DEA36E540}.Release|Any CPU.ActiveCfg = Release|Any CPU
		{843B2B65-B44D-46AD-B948-FF0DEA36E540}.Release|Any CPU.Build.0 = Release|Any CPU
	EndGlobalSection
	GlobalSection(SolutionProperties) = preSolution
		HideSolutionNode = FALSE
	EndGlobalSection
	GlobalSection(ExtensibilityGlobals) = postSolution
		SolutionGuid = {D49E1E4F-9C00-491D-AF15-2DA841E8D360}
	EndGlobalSection
EndGlobal
