
Microsoft Visual Studio Solution File, Format Version 12.00
# Visual Studio Version 17
VisualStudioVersion = 17.14.36310.24 d17.14
MinimumVisualStudioVersion = 10.0.40219.1
Project("{FAE04EC0-301F-11D3-BF4B-00C04F79EFBC}") = "Generico_Chance", "Generico_Chance.csproj", "{EE6ED932-980A-49A9-B9D0-68E933987035}"
EndProject
Global
	GlobalSection(SolutionConfigurationPlatforms) = preSolution
		Debug|Any CPU = Debug|Any CPU
		Release|Any CPU = Release|Any CPU
	EndGlobalSection
	GlobalSection(ProjectConfigurationPlatforms) = postSolution
		{EE6ED932-980A-49A9-B9D0-68E933987035}.Debug|Any CPU.ActiveCfg = Debug|Any CPU
		{EE6ED932-980A-49A9-B9D0-68E933987035}.Debug|Any CPU.Build.0 = Debug|Any CPU
		{EE6ED932-980A-49A9-B9D0-68E933987035}.Release|Any CPU.ActiveCfg = Release|Any CPU
		{EE6ED932-980A-49A9-B9D0-68E933987035}.Release|Any CPU.Build.0 = Release|Any CPU
	EndGlobalSection
	GlobalSection(SolutionProperties) = preSolution
		HideSolutionNode = FALSE
	EndGlobalSection
	GlobalSection(ExtensibilityGlobals) = postSolution
		SolutionGuid = {CDF5EBE5-05EF-455D-A55D-515EEF0025C9}
	EndGlobalSection
EndGlobal
