
Microsoft Visual Studio Solution File, Format Version 12.00
# Visual Studio Version 17
VisualStudioVersion = 17.14.36310.24 d17.14
MinimumVisualStudioVersion = 10.0.40219.1
Project("{FAE04EC0-301F-11D3-BF4B-00C04F79EFBC}") = "EnterosAFormatoHHMMSS", "EnterosAFormatoHHMMSS.csproj", "{E3FD360B-2C26-47FF-B4D5-10E2ED626EBB}"
EndProject
Global
	GlobalSection(SolutionConfigurationPlatforms) = preSolution
		Debug|Any CPU = Debug|Any CPU
		Release|Any CPU = Release|Any CPU
	EndGlobalSection
	GlobalSection(ProjectConfigurationPlatforms) = postSolution
		{E3FD360B-2C26-47FF-B4D5-10E2ED626EBB}.Debug|Any CPU.ActiveCfg = Debug|Any CPU
		{E3FD360B-2C26-47FF-B4D5-10E2ED626EBB}.Debug|Any CPU.Build.0 = Debug|Any CPU
		{E3FD360B-2C26-47FF-B4D5-10E2ED626EBB}.Release|Any CPU.ActiveCfg = Release|Any CPU
		{E3FD360B-2C26-47FF-B4D5-10E2ED626EBB}.Release|Any CPU.Build.0 = Release|Any CPU
	EndGlobalSection
	GlobalSection(SolutionProperties) = preSolution
		HideSolutionNode = FALSE
	EndGlobalSection
	GlobalSection(ExtensibilityGlobals) = postSolution
		SolutionGuid = {EEB3EC53-3706-4C0D-9686-0B7FCCF6210A}
	EndGlobalSection
EndGlobal
